github.com/Xuanwo/gg v0.3.0 h1:jHasK7tJ4o/IjpcxPbabQ4zVO+hln85DvNYhq5GamcA=
github.com/Xuanwo/gg v0.3.0/go.mod h1:0fLiiSxR87u2UA0ZNZiKZXuz3jnJdbDHWtU2xpdcH3s=
github.com/Xuanwo/go-bufferpool v0.2.0 h1:DXzqJD9lJufXbT/03GrcEvYOs4gXYUj9/g5yi6Q9rUw=
github.com/Xuanwo/go-bufferpool v0.2.0/go.mod h1:Mle++9GGouhOwGj52i9PJLNAPmW2nb8PWBP7JJzNCzk=
github.com/Xuanwo/templateutils v0.2.0 h1:jnhiP1DMyK1Rv9qgaGCrEm/r6TseAsf7eC092gVld0Q=
github.com/Xuanwo/templateutils v0.2.0/go.mod h1:OdE0DJ+CJxDBq6psX5DPV+gOZi8bhuHuVUpPCG++Wb8=
github.com/aws/aws-sdk-go-v2 v1.16.11 h1:xM1ZPSvty3xVmdxiGr7ay/wlqv+MWhH0rMlyLdbC0YQ=
github.com/aws/aws-sdk-go-v2 v1.16.11/go.mod h1:WTACcleLz6VZTp7fak4EO5b9Q4foxbn+8PIz3PmyKlo=
github.com/aws/aws-sdk-go-v2/aws/protocol/eventstream v1.4.4 h1:zfT11pa7ifu/VlLDpmc5OY2W4nYmnKkFDGeMVnmqAI0=
github.com/aws/aws-sdk-go-v2/aws/protocol/eventstream v1.4.4/go.mod h1:ES0I1GBs+YYgcDS1ek47Erbn4TOL811JKqBXtgzqyZ8=
github.com/aws/aws-sdk-go-v2/config v1.16.1 h1:jasqFPOoNPXHOYGEEuvyT87ACiXhD3OkQckIm5uqi5I=
github.com/aws/aws-sdk-go-v2/config v1.16.1/go.mod h1:4SKzBMiB8lV0fw2w7eDBo/LjQyHFITN4vUUuqpurFmI=
github.com/aws/aws-sdk-go-v2/credentials v1.12.13 h1:cuPzIsjKAWBUAAk8ZUR2l02Sxafl9hiaMsc7tlnjwAY=
github.com/aws/aws-sdk-go-v2/credentials v1.12.13/go.mod h1:9fDEemXizwXrxPU1MTzv69LP/9D8HVl5qHAQO9A9ikY=
github.com/aws/aws-sdk-go-v2/feature/ec2/imds v1.12.12 h1:wgJBHO58Pc1V1QAnzdVM3JK3WbE/6eUF0JxCZ+/izz0=
github.com/aws/aws-sdk-go-v2/feature/ec2/imds v1.12.12/go.mod h1:aZ4vZnyUuxedC7eD4JyEHpGnCz+O2sHQEx3VvAwklSE=
github.com/aws/aws-sdk-go-v2/internal/configsources v1.1.18 h1:OmiwoVyLKEqqD5GvB683dbSqxiOfvx4U2lDZhG2Esc4=
github.com/aws/aws-sdk-go-v2/internal/configsources v1.1.18/go.mod h1:348MLhzV1GSlZSMusdwQpXKbhD7X2gbI/TxwAPKkYZQ=
github.com/aws/aws-sdk-go-v2/internal/endpoints/v2 v2.4.12 h1:5mvQDtNWtI6H56+E4LUnLWEmATMB7oEh+Z9RurtIuC0=
github.com/aws/aws-sdk-go-v2/internal/endpoints/v2 v2.4.12/go.mod h1:ckaCVTEdGAxO6KwTGzgskxR1xM+iJW4lxMyDFVda2Fc=
github.com/aws/aws-sdk-go-v2/internal/ini v1.3.19 h1:g5qq9sgtEzt2szMaDqQO6fqKe026T6dHTFJp5NsPzkQ=
github.com/aws/aws-sdk-go-v2/internal/ini v1.3.19/go.mod h1:cVHo8KTuHjShb9V8/VjH3S/8+xPu16qx8fdGwmotJhE=
github.com/aws/aws-sdk-go-v2/internal/v4a v1.0.9 h1:agLpf3vtYX1rtKTrOGpevdP3iC2W0hKDmzmhhxJzL+A=
github.com/aws/aws-sdk-go-v2/internal/v4a v1.0.9/go.mod h1:cv+n1mdyh+0B8tAtlEBzTYFA2Uv15SISEn6kabYhIgE=
github.com/aws/aws-sdk-go-v2/service/internal/accept-encoding v1.9.5 h1:g1ITJ9i9ixa+/WVggLNK20KyliAA8ltnuxfZEDfo2hM=
github.com/aws/aws-sdk-go-v2/service/internal/accept-encoding v1.9.5/go.mod h1:oehQLbMQkppKLXvpx/1Eo0X47Fe+0971DXC9UjGnKcI=
github.com/aws/aws-sdk-go-v2/service/internal/checksum v1.1.13 h1:3GamN8jcdz/a3nvL/ZVtoH/6xxeshfsiXj5O+6GW4Rg=
github.com/aws/aws-sdk-go-v2/service/internal/checksum v1.1.13/go.mod h1:89CSPn69UECDLVn0H6FwKNgbtirksl8C8i3aBeeeihw=
github.com/aws/aws-sdk-go-v2/service/internal/presigned-url v1.9.12 h1:7iPTTX4SAI2U2VOogD7/gmHlsgnYSgoNHt7MSQXtG2M=
github.com/aws/aws-sdk-go-v2/service/internal/presigned-url v1.9.12/go.mod h1:1TODGhheLWjpQWSuhYuAUWYTCKwEjx2iblIFKDHjeTc=
github.com/aws/aws-sdk-go-v2/service/internal/s3shared v1.13.12 h1:QFjSOmHSb77qRTv7KI9UFon9X5wLWY5/M+6la3dTcZc=
github.com/aws/aws-sdk-go-v2/service/internal/s3shared v1.13.12/go.mod h1:MADjAN0GHFDuc5lRa5Y5ki+oIO/w7X4qczHy+OUx0IA=
github.com/aws/aws-sdk-go-v2/service/s3 v1.27.5 h1:h9qqTedYnA9JcWjKyLV6UYIMSdp91ExLCUbjbpDLH7A=
github.com/aws/aws-sdk-go-v2/service/s3 v1.27.5/go.mod h1:J8SS5Tp/zeLxaubB0xGfKnVrvssNBNLwTipreTKLhjQ=
github.com/aws/aws-sdk-go-v2/service/sso v1.11.16 h1:YK8L7TNlGwMWHYqLs+i6dlITpxqzq08FqQUy26nm+T8=
github.com/aws/aws-sdk-go-v2/service/sso v1.11.16/go.mod h1:mS5xqLZc/6kc06IpXn5vRxdLaED+jEuaSRv5BxtnsiY=
github.com/aws/aws-sdk-go-v2/service/sts v1.16.13 h1:dl8T0PJlN92rvEGOEUiD0+YPYdPEaCZK0TqHukvSfII=
github.com/aws/aws-sdk-go-v2/service/sts v1.16.13/go.mod h1:Ru3QVMLygVs/07UQ3YDur1AQZZp2tUNje8wfloFttC0=
github.com/aws/smithy-go v1.12.1 h1:yQRC55aXN/y1W10HgwHle01DRuV9Dpf31iGkotjt3Ag=
github.com/aws/smithy-go v1.12.1/go.mod h1:Tg+OJXh4MB2R/uN61Ko2f6hTZwB/ZYGOtib8J3gBHzA=
github.com/davecgh/go-spew v1.1.0/go.mod h1:J7Y8YcW2NihsgmVo/mv3lAwl/skON4iLHjSsI+c5H38=
github.com/davecgh/go-spew v1.1.1 h1:vj9j/u1bqnvCEfJOwUhtlOARqs3+rkHYY13jYWTU97c=
github.com/davecgh/go-spew v1.1.1/go.mod h1:J7Y8YcW2NihsgmVo/mv3lAwl/skON4iLHjSsI+c5H38=
github.com/golang/mock v1.6.0 h1:ErTB+efbowRARo13NNdxyJji2egdxLGQhRaY+DUumQc=
github.com/golang/mock v1.6.0/go.mod h1:p6yTPP+5HYm5mzsMV8JkE6ZKdX+/wYM6Hr+LicevLPs=
github.com/google/go-cmp v0.5.8 h1:e6P7q2lk1O+qJJb4BtCQXlK8vWEO8V1ZeuEdJNOqZyg=
github.com/google/go-cmp v0.5.8/go.mod h1:17dUlkBOakJ0+DkrSSNjCkIjxS6bF9zb3elmeNGIjoY=
github.com/google/uuid v1.3.0 h1:t6JiXgmwXMjEs8VusXIJk2BXHsn+wx8BZdTaoZ5fu7I=
github.com/google/uuid v1.3.0/go.mod h1:TIyPZe4MgqvfeYDBFedMoGGpEw/LqOeaOT+nhxU+yHo=
github.com/gopherjs/gopherjs v0.0.0-20181017120253-0766667cb4d1 h1:EGx4pi6eqNxGaHF6qqu48+N2wcFQ5qg5FXgOdqsJ5d8=
github.com/gopherjs/gopherjs v0.0.0-20181017120253-0766667cb4d1/go.mod h1:wJfORRmW1u3UXTncJ5qlYoELFm8eSnnEO6hX4iZ3EWY=
github.com/jmespath/go-jmespath v0.4.0/go.mod h1:T8mJZnbsbmF+m6zOOFylbeCJqk5+pHWvzYPziyZiYoo=
github.com/jmespath/go-jmespath/internal/testify v1.5.1/go.mod h1:L3OGu8Wl2/fWfCI6z80xFu9LTZmf1ZRjMHUOPmWr69U=
github.com/jtolds/gls v4.20.0+incompatible h1:xdiiI2gbIgH/gLH7ADydsJ1uDOEzR8yvV7C0MuV77Wo=
github.com/jtolds/gls v4.20.0+incompatible/go.mod h1:QJZ7F/aHp+rZTRtaJ1ow/lLfFfVYBRgL+9YlvaHOwJU=
github.com/pmezard/go-difflib v1.0.0 h1:4DBwDE0NGyQoBHbLQYPwSUPoCMWR5BEzIk/f1lZbAQM=
github.com/pmezard/go-difflib v1.0.0/go.mod h1:iKH77koFhYxTK1pcRnkKkqfTogsbg7gZNVY4sRDYZ/4=
github.com/sirupsen/logrus v1.9.0 h1:trlNQbNUG3OdDrDil03MCb1H2o9nJ1x4/5LYw7byDE0=
github.com/sirupsen/logrus v1.9.0/go.mod h1:naHLuLoDiP4jHNo9R0sCBMtWGeIprob74mVsIT4qYEQ=
github.com/smartystreets/assertions v1.2.0 h1:42S6lae5dvLc7BrLu/0ugRtcFVjoJNMC/N3yZFZkDFs=
github.com/smartystreets/assertions v1.2.0/go.mod h1:tcbTF8ujkAEcZ8TElKY+i30BzYlVhC/LOxJk7iOWnoo=
github.com/smartystreets/goconvey v1.7.2 h1:9RBaZCeXEQ3UselpuwUQHltGVXvdwm6cv1hgR6gDIPg=
github.com/smartystreets/goconvey v1.7.2/go.mod h1:Vw0tHAZW6lzCRk3xgdin6fKYcG+G3Pg9vgXWeJpQFMM=
github.com/stretchr/objx v0.1.0/go.mod h1:HFkY916IF+rwdDfMAkV7OtwuqBVzrE8GR6GFx+wExME=
github.com/stretchr/objx v0.4.0/go.mod h1:YvHI0jy2hoMjB+UWwv71VJQ9isScKT/TqJzVSSt89Yw=
github.com/stretchr/testify v1.7.0/go.mod h1:6Fq8oRcR53rry900zMqJjRRixrwX3KX962/h/Wwjteg=
github.com/stretchr/testify v1.7.1/go.mod h1:6Fq8oRcR53rry900zMqJjRRixrwX3KX962/h/Wwjteg=
github.com/stretchr/testify v1.8.0 h1:pSgiaMZlXftHpm5L7V1+rVB+AZJydKsMxsQBIJw4PKk=
github.com/stretchr/testify v1.8.0/go.mod h1:yNjHg4UonilssWZ8iaSj1OCr/vHnekPRkoO+kdMU+MU=
github.com/yuin/goldmark v1.3.5/go.mod h1:mwnBkeHKe2W/ZEtQ+71ViKU8L12m81fl3OWwC1Zlc8k=
golang.org/x/crypto v0.0.0-20190308221718-c2843e01d9a2/go.mod h1:djNgcEr1/C05ACkg1iLfiJU5Ep61QUkGW8qpdssI0+w=
golang.org/x/crypto v0.0.0-20191011191535-87dc89f01550/go.mod h1:yigFU9vqHzYiE8UmvKecakEJjdnWj3jj499lnFckfCI=
golang.org/x/mod v0.4.2/go.mod h1:s0Qsj1ACt9ePp/hMypM3fl4fZqREWJwdYDEqhRiZZUA=
golang.org/x/net v0.0.0-20190311183353-d8887717615a/go.mod h1:t9HGtf8HONx5eT2rtn7q6eTqICYqUVnKs3thJo3Qplg=
golang.org/x/net v0.0.0-20190404232315-eb5bcb51f2a3/go.mod h1:t9HGtf8HONx5eT2rtn7q6eTqICYqUVnKs3thJo3Qplg=
golang.org/x/net v0.0.0-20190620200207-3b0461eec859/go.mod h1:z5CRVTTTmAJ677TzLLGU+0bjPO0LkuOLi4/5GtJWs/s=
golang.org/x/net v0.0.0-20210405180319-a5a99cb37ef4/go.mod h1:p54w0d4576C0XHj96bSt6lcn1PtDYWL6XObtHCRCNQM=
golang.org/x/sync v0.0.0-20190423024810-112230192c58/go.mod h1:RxMgew5VJxzue5/jJTE5uejpjVlOe/izrB70Jof72aM=
golang.org/x/sync v0.0.0-20210220032951-036812b2e83c/go.mod h1:RxMgew5VJxzue5/jJTE5uejpjVlOe/izrB70Jof72aM=
golang.org/x/sys v0.0.0-20190215142949-d0b11bdaac8a/go.mod h1:STP8DvDyc/dI5b8T5hshtkjS+E42TnysNCUPdjciGhY=
golang.org/x/sys v0.0.0-20190412213103-97732733099d/go.mod h1:h1NjWce9XRLGQEsW7wpKNCjG9DtNlClVuFLEZdDNbEs=
golang.org/x/sys v0.0.0-20201119102817-f84b799fce68/go.mod h1:h1NjWce9XRLGQEsW7wpKNCjG9DtNlClVuFLEZdDNbEs=
golang.org/x/sys v0.0.0-20210330210617-4fbd30eecc44/go.mod h1:h1NjWce9XRLGQEsW7wpKNCjG9DtNlClVuFLEZdDNbEs=
golang.org/x/sys v0.0.0-20210510120138-977fb7262007/go.mod h1:oPkhp1MJrh7nUepCBck5+mAzfO9JrbApNNgaTdGDITg=
golang.org/x/sys v0.0.0-20220715151400-c0bba94af5f8 h1:0A+M6Uqn+Eje4kHMK80dtF3JCXC4ykBgQG4Fe06QRhQ=
golang.org/x/sys v0.0.0-20220715151400-c0bba94af5f8/go.mod h1:oPkhp1MJrh7nUepCBck5+mAzfO9JrbApNNgaTdGDITg=
golang.org/x/term v0.0.0-20201126162022-7de9c90e9dd1/go.mod h1:bj7SfCRtBDWHUb9snDiAeCFNEtKQo2Wmx5Cou7ajbmo=
golang.org/x/text v0.3.0/go.mod h1:NqM8EUOU14njkJ3fqMW+pc6Ldnwhi/IjpwHt7yyuwOQ=
golang.org/x/text v0.3.3/go.mod h1:5Zoc/QRtKVWzQhOtBMvqHzDpF6irO9z98xDceosuGiQ=
golang.org/x/tools v0.0.0-20180917221912-90fa682c2a6e/go.mod h1:n7NCudcB/nEzxVGmLbDWY5pfWTLqBcC2KZ6jyYvM4mQ=
golang.org/x/tools v0.0.0-20190328211700-ab21143f2384/go.mod h1:LCzVGOaR6xXOjkQ3onu1FJEFr0SW1gC7cKk1uF8kGRs=
golang.org/x/tools v0.0.0-20191119224855-298f0cb1881e/go.mod h1:b+2E5dAYhXwXZwtnZ6UAqBI28+e2cm9otk0dWdXHAEo=
golang.org/x/tools v0.1.1/go.mod h1:o0xws9oXOQQZyjljx8fwUC0k7L1pTE6eaCbjGeHmOkk=
golang.org/x/xerrors v0.0.0-20190717185122-a985d3407aa7/go.mod h1:I/5z698sn9Ka8TeJc9MKroUUfqBBauWjQqLJ2OPfmY0=
golang.org/x/xerrors v0.0.0-20191011141410-1b5146add898/go.mod h1:I/5z698sn9Ka8TeJc9MKroUUfqBBauWjQqLJ2OPfmY0=
golang.org/x/xerrors v0.0.0-20200804184101-5ec99f83aff1/go.mod h1:I/5z698sn9Ka8TeJc9MKroUUfqBBauWjQqLJ2OPfmY0=
gopkg.in/check.v1 v0.0.0-20161208181325-20d25e280405 h1:yhCVgyC4o1eVCa2tZl7eS0r+SDo693bJlVdllGtEeKM=
gopkg.in/check.v1 v0.0.0-20161208181325-20d25e280405/go.mod h1:Co6ibVJAznAaIkqp8huTwlJQCZ016jof/cbN4VW5Yz0=
gopkg.in/yaml.v2 v2.2.8/go.mod h1:hI93XBmqTisBFMUTm0b8Fm+jr3Dg1NNxqwp+5A1VGuI=
gopkg.in/yaml.v3 v3.0.0-20200313102051-9f266ea9e77c/go.mod h1:K4uyk7z7BCEPqu6E+C64Yfv1cQ7kz7rIZviUmN+EgEM=
gopkg.in/yaml.v3 v3.0.1 h1:fxVm/GzAzEWqLHuvctI91KS9hhNmmWOoWu0XTYJS7CA=
gopkg.in/yaml.v3 v3.0.1/go.mod h1:K4uyk7z7BCEPqu6E+C64Yfv1cQ7kz7rIZviUmN+EgEM=
