github.com/Xuanwo/templateutils v0.0.0-20191015092240-2492e6b39c36 h1:qWixev2seSIi+L+MyXuetCcLcXanmZQzQ+7o0Gar9dA=
github.com/Xuanwo/templateutils v0.0.0-20191015092240-2492e6b39c36/go.mod h1:3AD+S7bRlUhIPKzXMzpRMNFwT8UujZpe54vQ3R+2jz0=
github.com/huandu/xstrings v1.2.0 h1:yPeWdRnmynF7p+lLYz0H2tthW9lqhMJrQV/U7yy4wX0=
github.com/huandu/xstrings v1.2.0/go.mod h1:DvyZB1rfVYsBIigL8HwpZgxHwXozlTgGqn63UyNX5k4=
